
Microsoft Visual Studio Solution File, Format Version 12.00
# Visual Studio Version 16
VisualStudioVersion = 16.0.31025.194
MinimumVisualStudioVersion = 10.0.40219.1
Project("{FAE04EC0-301F-11D3-BF4B-00C04F79EFBC}") = "DelegateAndEvent", "DelegateAndEvent\DelegateAndEvent.csproj", "{7B48B8D0-D5B7-49FC-BCBC-0768567B8FFD}"
EndProject
Global
	GlobalSection(SolutionConfigurationPlatforms) = preSolution
		Debug|Any CPU = Debug|Any CPU
		Release|Any CPU = Release|Any CPU
	EndGlobalSection
	GlobalSection(ProjectConfigurationPlatforms) = postSolution
		{7B48B8D0-D5B7-49FC-BCBC-0768567B8FFD}.Debug|Any CPU.ActiveCfg = Debug|Any CPU
		{7B48B8D0-D5B7-49FC-BCBC-0768567B8FFD}.Debug|Any CPU.Build.0 = Debug|Any CPU
		{7B48B8D0-D5B7-49FC-BCBC-0768567B8FFD}.Release|Any CPU.ActiveCfg = Release|Any CPU
		{7B48B8D0-D5B7-49FC-BCBC-0768567B8FFD}.Release|Any CPU.Build.0 = Release|Any CPU
	EndGlobalSection
	GlobalSection(SolutionProperties) = preSolution
		HideSolutionNode = FALSE
	EndGlobalSection
	GlobalSection(ExtensibilityGlobals) = postSolution
		SolutionGuid = {114EF522-0968-496F-B3DC-10B213CF6476}
	EndGlobalSection
EndGlobal
